
Microsoft Visual Studio Solution File, Format Version 12.00
# Visual Studio Version 17
VisualStudioVersion = 17.9.34714.143
MinimumVisualStudioVersion = 10.0.40219.1
Project("{FAE04EC0-301F-11D3-BF4B-00C04F79EFBC}") = "PTTK_HTTT", "PTTK_HTTT.csproj", "{C8E87D63-B08B-4087-8E52-A90A16305F5A}"
EndProject
Global
	GlobalSection(SolutionConfigurationPlatforms) = preSolution
		Debug|Any CPU = Debug|Any CPU
		Release|Any CPU = Release|Any CPU
	EndGlobalSection
	GlobalSection(ProjectConfigurationPlatforms) = postSolution
		{C8E87D63-B08B-4087-8E52-A90A16305F5A}.Debug|Any CPU.ActiveCfg = Debug|Any CPU
		{C8E87D63-B08B-4087-8E52-A90A16305F5A}.Debug|Any CPU.Build.0 = Debug|Any CPU
		{C8E87D63-B08B-4087-8E52-A90A16305F5A}.Release|Any CPU.ActiveCfg = Release|Any CPU
		{C8E87D63-B08B-4087-8E52-A90A16305F5A}.Release|Any CPU.Build.0 = Release|Any CPU
	EndGlobalSection
	GlobalSection(SolutionProperties) = preSolution
		HideSolutionNode = FALSE
	EndGlobalSection
	GlobalSection(ExtensibilityGlobals) = postSolution
		SolutionGuid = {84B25611-DA5E-4F13-A294-86AEC3A2C7F0}
	EndGlobalSection
EndGlobal
